Microsoft Visual Studio Solution File, Format Version 12.00
# Visual Studio Version 17
VisualStudioVersion = 17.5.2.0
MinimumVisualStudioVersion = 10.0.40219.1
Project("{FAE04EC0-301F-11D3-BF4B-00C04F79EFBC}") = "HPCDSystem", "HPCDSystem\HPCDSystem.csproj", "{9B0BBCE1-2520-DDFF-E138-571283ECA386}"
EndProject
Global
	GlobalSection(SolutionConfigurationPlatforms) = preSolution
		Debug|Any CPU = Debug|Any CPU
		Release|Any CPU = Release|Any CPU
	EndGlobalSection
	GlobalSection(ProjectConfigurationPlatforms) = postSolution
		{9B0BBCE1-2520-DDFF-E138-571283ECA386}.Debug|Any CPU.ActiveCfg = Debug|Any CPU
		{9B0BBCE1-2520-DDFF-E138-571283ECA386}.Debug|Any CPU.Build.0 = Debug|Any CPU
		{9B0BBCE1-2520-DDFF-E138-571283ECA386}.Release|Any CPU.ActiveCfg = Release|Any CPU
		{9B0BBCE1-2520-DDFF-E138-571283ECA386}.Release|Any CPU.Build.0 = Release|Any CPU
	EndGlobalSection
	GlobalSection(SolutionProperties) = preSolution
		HideSolutionNode = FALSE
	EndGlobalSection
	GlobalSection(ExtensibilityGlobals) = postSolution
		SolutionGuid = {09287FCF-6121-4C02-A40C-C731529F31A0}
	EndGlobalSection
EndGlobal
